
Microsoft Visual Studio Solution File, Format Version 12.00
# Visual Studio 15
VisualStudioVersion = 15.0.28307.1022
MinimumVisualStudioVersion = 10.0.40219.1
Project("{8BC9CEB8-8B4A-11D0-8D11-00A0C91BC942}") = "Fireworks", "Fireworks.vcxproj", "{40D83360-0265-40C8-AF2B-C93DD65010EC}"
EndProject
Global
	GlobalSection(SolutionConfigurationPlatforms) = preSolution
		Debug|x64 = Debug|x64
		Debug|x86 = Debug|x86
		Release|x64 = Release|x64
		Release|x86 = Release|x86
	EndGlobalSection
	GlobalSection(ProjectConfigurationPlatforms) = postSolution
		{40D83360-0265-40C8-AF2B-C93DD65010EC}.Debug|x64.ActiveCfg = Debug|x64
		{40D83360-0265-40C8-AF2B-C93DD65010EC}.Debug|x64.Build.0 = Debug|x64
		{40D83360-0265-40C8-AF2B-C93DD65010EC}.Debug|x86.ActiveCfg = Debug|Win32
		{40D83360-0265-40C8-AF2B-C93DD65010EC}.Debug|x86.Build.0 = Debug|Win32
		{40D83360-0265-40C8-AF2B-C93DD65010EC}.Release|x64.ActiveCfg = Release|x64
		{40D83360-0265-40C8-AF2B-C93DD65010EC}.Release|x64.Build.0 = Release|x64
		{40D83360-0265-40C8-AF2B-C93DD65010EC}.Release|x86.ActiveCfg = Release|Win32
		{40D83360-0265-40C8-AF2B-C93DD65010EC}.Release|x86.Build.0 = Release|Win32
	EndGlobalSection
	GlobalSection(SolutionProperties) = preSolution
		HideSolutionNode = FALSE
	EndGlobalSection
	GlobalSection(ExtensibilityGlobals) = postSolution
		SolutionGuid = {1F51A921-313E-4EDA-83B4-81AD13931214}
	EndGlobalSection
EndGlobal
